
Microsoft Visual Studio Solution File, Format Version 12.00
# Visual Studio Version 17
VisualStudioVersion = 17.0.31919.166
MinimumVisualStudioVersion = 10.0.40219.1
Project("{FAE04EC0-301F-11D3-BF4B-00C04F79EFBC}") = "AppMvc", "src\AppMvc\AppMvc.csproj", "{CF48A1AB-1681-42F2-928F-AEC1CB453579}"
EndProject
Project("{FAE04EC0-301F-11D3-BF4B-00C04F79EFBC}") = "Business", "src\Business\Business.csproj", "{CB1549C9-AE8E-4476-AB1C-A5F9E67CD0F8}"
EndProject
Project("{FAE04EC0-301F-11D3-BF4B-00C04F79EFBC}") = "Infra", "src\Infra\Infra.csproj", "{9C2F5B7B-D4B4-4C4C-817D-CF554EEB0804}"
EndProject
Global
	GlobalSection(SolutionConfigurationPlatforms) = preSolution
		Debug|Any CPU = Debug|Any CPU
		Release|Any CPU = Release|Any CPU
	EndGlobalSection
	GlobalSection(ProjectConfigurationPlatforms) = postSolution
		{CF48A1AB-1681-42F2-928F-AEC1CB453579}.Debug|Any CPU.ActiveCfg = Debug|Any CPU
		{CF48A1AB-1681-42F2-928F-AEC1CB453579}.Debug|Any CPU.Build.0 = Debug|Any CPU
		{CF48A1AB-1681-42F2-928F-AEC1CB453579}.Release|Any CPU.ActiveCfg = Release|Any CPU
		{CF48A1AB-1681-42F2-928F-AEC1CB453579}.Release|Any CPU.Build.0 = Release|Any CPU
		{CB1549C9-AE8E-4476-AB1C-A5F9E67CD0F8}.Debug|Any CPU.ActiveCfg = Debug|Any CPU
		{CB1549C9-AE8E-4476-AB1C-A5F9E67CD0F8}.Debug|Any CPU.Build.0 = Debug|Any CPU
		{CB1549C9-AE8E-4476-AB1C-A5F9E67CD0F8}.Release|Any CPU.ActiveCfg = Release|Any CPU
		{CB1549C9-AE8E-4476-AB1C-A5F9E67CD0F8}.Release|Any CPU.Build.0 = Release|Any CPU
		{9C2F5B7B-D4B4-4C4C-817D-CF554EEB0804}.Debug|Any CPU.ActiveCfg = Debug|Any CPU
		{9C2F5B7B-D4B4-4C4C-817D-CF554EEB0804}.Debug|Any CPU.Build.0 = Debug|Any CPU
		{9C2F5B7B-D4B4-4C4C-817D-CF554EEB0804}.Release|Any CPU.ActiveCfg = Release|Any CPU
		{9C2F5B7B-D4B4-4C4C-817D-CF554EEB0804}.Release|Any CPU.Build.0 = Release|Any CPU
	EndGlobalSection
	GlobalSection(SolutionProperties) = preSolution
		HideSolutionNode = FALSE
	EndGlobalSection
	GlobalSection(ExtensibilityGlobals) = postSolution
		SolutionGuid = {A4D33365-3993-4058-8D8B-EC2D584EF0EE}
	EndGlobalSection
EndGlobal
